<?xml version="1.0" encoding="utf-8"?>
<Project ToolsVersion="17.0" xmlns="http://schemas.microsoft.com/developer/msbuild/2003">
  <ItemGroup>
    <ClCompile Include="D:\Development\Code\cpp\Repositories\dm-cmake\SDL_mixer-build\src\codecs\load_aiff.c">
      <Filter>Source Files</Filter>
    </ClCompile>
    <ClCompile Include="D:\Development\Code\cpp\Repositories\dm-cmake\SDL_mixer-build\src\codecs\load_voc.c">
      <Filter>Source Files</Filter>
    </ClCompile>
    <ClCompile Include="D:\Development\Code\cpp\Repositories\dm-cmake\SDL_mixer-build\src\codecs\load_sndfile.c">
      <Filter>Source Files</Filter>
    </ClCompile>
    <ClCompile Include="D:\Development\Code\cpp\Repositories\dm-cmake\SDL_mixer-build\src\codecs\mp3utils.c">
      <Filter>Source Files</Filter>
    </ClCompile>
    <ClCompile Include="D:\Development\Code\cpp\Repositories\dm-cmake\SDL_mixer-build\src\codecs\music_drflac.c">
      <Filter>Source Files</Filter>
    </ClCompile>
    <ClCompile Include="D:\Development\Code\cpp\Repositories\dm-cmake\SDL_mixer-build\src\codecs\music_drmp3.c">
      <Filter>Source Files</Filter>
    </ClCompile>
    <ClCompile Include="D:\Development\Code\cpp\Repositories\dm-cmake\SDL_mixer-build\src\codecs\music_flac.c">
      <Filter>Source Files</Filter>
    </ClCompile>
    <ClCompile Include="D:\Development\Code\cpp\Repositories\dm-cmake\SDL_mixer-build\src\codecs\music_fluidsynth.c">
      <Filter>Source Files</Filter>
    </ClCompile>
    <ClCompile Include="D:\Development\Code\cpp\Repositories\dm-cmake\SDL_mixer-build\src\codecs\music_gme.c">
      <Filter>Source Files</Filter>
    </ClCompile>
    <ClCompile Include="D:\Development\Code\cpp\Repositories\dm-cmake\SDL_mixer-build\src\codecs\music_mpg123.c">
      <Filter>Source Files</Filter>
    </ClCompile>
    <ClCompile Include="D:\Development\Code\cpp\Repositories\dm-cmake\SDL_mixer-build\src\codecs\music_nativemidi.c">
      <Filter>Source Files</Filter>
    </ClCompile>
    <ClCompile Include="D:\Development\Code\cpp\Repositories\dm-cmake\SDL_mixer-build\src\codecs\music_ogg.c">
      <Filter>Source Files</Filter>
    </ClCompile>
    <ClCompile Include="D:\Development\Code\cpp\Repositories\dm-cmake\SDL_mixer-build\src\codecs\music_ogg_stb.c">
      <Filter>Source Files</Filter>
    </ClCompile>
    <ClCompile Include="D:\Development\Code\cpp\Repositories\dm-cmake\SDL_mixer-build\src\codecs\music_opus.c">
      <Filter>Source Files</Filter>
    </ClCompile>
    <ClCompile Include="D:\Development\Code\cpp\Repositories\dm-cmake\SDL_mixer-build\src\codecs\music_timidity.c">
      <Filter>Source Files</Filter>
    </ClCompile>
    <ClCompile Include="D:\Development\Code\cpp\Repositories\dm-cmake\SDL_mixer-build\src\codecs\music_wav.c">
      <Filter>Source Files</Filter>
    </ClCompile>
    <ClCompile Include="D:\Development\Code\cpp\Repositories\dm-cmake\SDL_mixer-build\src\codecs\music_wavpack.c">
      <Filter>Source Files</Filter>
    </ClCompile>
    <ClCompile Include="D:\Development\Code\cpp\Repositories\dm-cmake\SDL_mixer-build\src\codecs\music_xmp.c">
      <Filter>Source Files</Filter>
    </ClCompile>
    <ClCompile Include="D:\Development\Code\cpp\Repositories\dm-cmake\SDL_mixer-build\src\effect_position.c">
      <Filter>Source Files</Filter>
    </ClCompile>
    <ClCompile Include="D:\Development\Code\cpp\Repositories\dm-cmake\SDL_mixer-build\src\effect_stereoreverse.c">
      <Filter>Source Files</Filter>
    </ClCompile>
    <ClCompile Include="D:\Development\Code\cpp\Repositories\dm-cmake\SDL_mixer-build\src\effects_internal.c">
      <Filter>Source Files</Filter>
    </ClCompile>
    <ClCompile Include="D:\Development\Code\cpp\Repositories\dm-cmake\SDL_mixer-build\src\mixer.c">
      <Filter>Source Files</Filter>
    </ClCompile>
    <ClCompile Include="D:\Development\Code\cpp\Repositories\dm-cmake\SDL_mixer-build\src\music.c">
      <Filter>Source Files</Filter>
    </ClCompile>
    <ClCompile Include="D:\Development\Code\cpp\Repositories\dm-cmake\SDL_mixer-build\src\utils.c">
      <Filter>Source Files</Filter>
    </ClCompile>
    <ClCompile Include="D:\Development\Code\cpp\Repositories\dm-cmake\SDL_mixer-build\src\codecs\native_midi\native_midi_win32.c">
      <Filter>Source Files</Filter>
    </ClCompile>
    <ClCompile Include="D:\Development\Code\cpp\Repositories\dm-cmake\SDL_mixer-build\src\codecs\native_midi\native_midi_common.c">
      <Filter>Source Files</Filter>
    </ClCompile>
    <ClCompile Include="D:\Development\Code\cpp\Repositories\dm-cmake\SDL_mixer-build\src\codecs\timidity\common.c">
      <Filter>Source Files</Filter>
    </ClCompile>
    <ClCompile Include="D:\Development\Code\cpp\Repositories\dm-cmake\SDL_mixer-build\src\codecs\timidity\instrum.c">
      <Filter>Source Files</Filter>
    </ClCompile>
    <ClCompile Include="D:\Development\Code\cpp\Repositories\dm-cmake\SDL_mixer-build\src\codecs\timidity\mix.c">
      <Filter>Source Files</Filter>
    </ClCompile>
    <ClCompile Include="D:\Development\Code\cpp\Repositories\dm-cmake\SDL_mixer-build\src\codecs\timidity\output.c">
      <Filter>Source Files</Filter>
    </ClCompile>
    <ClCompile Include="D:\Development\Code\cpp\Repositories\dm-cmake\SDL_mixer-build\src\codecs\timidity\playmidi.c">
      <Filter>Source Files</Filter>
    </ClCompile>
    <ClCompile Include="D:\Development\Code\cpp\Repositories\dm-cmake\SDL_mixer-build\src\codecs\timidity\readmidi.c">
      <Filter>Source Files</Filter>
    </ClCompile>
    <ClCompile Include="D:\Development\Code\cpp\Repositories\dm-cmake\SDL_mixer-build\src\codecs\timidity\resample.c">
      <Filter>Source Files</Filter>
    </ClCompile>
    <ClCompile Include="D:\Development\Code\cpp\Repositories\dm-cmake\SDL_mixer-build\src\codecs\timidity\tables.c">
      <Filter>Source Files</Filter>
    </ClCompile>
    <ClCompile Include="D:\Development\Code\cpp\Repositories\dm-cmake\SDL_mixer-build\src\codecs\timidity\timidity.c">
      <Filter>Source Files</Filter>
    </ClCompile>
  </ItemGroup>
  <ItemGroup>
    <ClInclude Include="D:\Development\Code\cpp\Repositories\dm-cmake\SDL_mixer-build\src\codecs\native_midi\native_midi_common.h">
      <Filter>Header Files</Filter>
    </ClInclude>
  </ItemGroup>
  <ItemGroup>
    <CustomBuild Include="D:\Development\Code\cpp\Repositories\dm-cmake\SDL_mixer-build\CMakeLists.txt" />
  </ItemGroup>
  <ItemGroup>
    <ResourceCompile Include="D:\Development\Code\cpp\Repositories\dm-cmake\SDL_mixer-build\src\version.rc">
      <Filter>Source Files</Filter>
    </ResourceCompile>
  </ItemGroup>
  <ItemGroup>
    <Filter Include="Header Files">
      <UniqueIdentifier>{C26F61B7-A1A8-3F73-8AB7-D654DD2F0E85}</UniqueIdentifier>
    </Filter>
    <Filter Include="Source Files">
      <UniqueIdentifier>{1574DABD-97C3-3DCD-A62A-F2FA64EC3782}</UniqueIdentifier>
    </Filter>
  </ItemGroup>
</Project>
