
Microsoft Visual Studio Solution File, Format Version 12.00
# Visual Studio Version 17
Project("{2150E333-8FDC-42A3-9474-1A3956D46DE8}") = "CMakePredefinedTargets", "CMakePredefinedTargets", "{E9317FFE-5EB9-3235-978A-5FD8C02EF091}"
EndProject
Project("{8BC9CEB8-8B4A-11D0-8D11-00A0C91BC942}") = "ALL_BUILD", "ALL_BUILD.vcxproj", "{D02D848A-0E63-3222-80FF-D6411941EFCF}"
	ProjectSection(ProjectDependencies) = postProject
		{0455EDCF-A507-3077-895D-F2B2FE3B3DBF} = {0455EDCF-A507-3077-895D-F2B2FE3B3DBF}
		{F66F84C1-63CA-3E51-A2F5-E8EA924B51A9} = {F66F84C1-63CA-3E51-A2F5-E8EA924B51A9}
		{F57C537C-6C92-3488-B5F7-4E572B8BDE53} = {F57C537C-6C92-3488-B5F7-4E572B8BDE53}
		{56DE0AEC-CA8E-387E-83F2-492CBCF0205A} = {56DE0AEC-CA8E-387E-83F2-492CBCF0205A}
	EndProjectSection
EndProject
Project("{8BC9CEB8-8B4A-11D0-8D11-00A0C91BC942}") = "INSTALL", "INSTALL.vcxproj", "{B74BF322-DEFE-31AC-95BB-554EBE6795DA}"
	ProjectSection(ProjectDependencies) = postProject
		{D02D848A-0E63-3222-80FF-D6411941EFCF} = {D02D848A-0E63-3222-80FF-D6411941EFCF}
		{F66F84C1-63CA-3E51-A2F5-E8EA924B51A9} = {F66F84C1-63CA-3E51-A2F5-E8EA924B51A9}
	EndProjectSection
EndProject
Project("{8BC9CEB8-8B4A-11D0-8D11-00A0C91BC942}") = "PACKAGE", "PACKAGE.vcxproj", "{B16F5C7C-9059-3FCE-84B4-779434E379AD}"
	ProjectSection(ProjectDependencies) = postProject
		{D02D848A-0E63-3222-80FF-D6411941EFCF} = {D02D848A-0E63-3222-80FF-D6411941EFCF}
		{F66F84C1-63CA-3E51-A2F5-E8EA924B51A9} = {F66F84C1-63CA-3E51-A2F5-E8EA924B51A9}
	EndProjectSection
EndProject
Project("{8BC9CEB8-8B4A-11D0-8D11-00A0C91BC942}") = "SDL3_mixer-shared", "SDL3_mixer-shared.vcxproj", "{0455EDCF-A507-3077-895D-F2B2FE3B3DBF}"
	ProjectSection(ProjectDependencies) = postProject
		{F66F84C1-63CA-3E51-A2F5-E8EA924B51A9} = {F66F84C1-63CA-3E51-A2F5-E8EA924B51A9}
		{65920086-C461-3557-BAB4-76E50B90132C} = {65920086-C461-3557-BAB4-76E50B90132C}
		{2EDA8A12-468B-380D-8C51-A26DCE4C1FF0} = {2EDA8A12-468B-380D-8C51-A26DCE4C1FF0}
		{C8CAE11F-2E92-30FF-BDBA-7456A2DF8433} = {C8CAE11F-2E92-30FF-BDBA-7456A2DF8433}
		{E24D0248-5816-343D-8A0C-24BDCBD3A8C2} = {E24D0248-5816-343D-8A0C-24BDCBD3A8C2}
	EndProjectSection
EndProject
Project("{8BC9CEB8-8B4A-11D0-8D11-00A0C91BC942}") = "ZERO_CHECK", "ZERO_CHECK.vcxproj", "{F66F84C1-63CA-3E51-A2F5-E8EA924B51A9}"
	ProjectSection(ProjectDependencies) = postProject
	EndProjectSection
EndProject
Project("{8BC9CEB8-8B4A-11D0-8D11-00A0C91BC942}") = "gme", "external\libgme\gme\gme.vcxproj", "{65920086-C461-3557-BAB4-76E50B90132C}"
	ProjectSection(ProjectDependencies) = postProject
		{F66F84C1-63CA-3E51-A2F5-E8EA924B51A9} = {F66F84C1-63CA-3E51-A2F5-E8EA924B51A9}
	EndProjectSection
EndProject
Project("{8BC9CEB8-8B4A-11D0-8D11-00A0C91BC942}") = "ogg", "external\ogg\ogg.vcxproj", "{C53D09AE-7AB4-3D8A-83B6-AD7077C47FD1}"
	ProjectSection(ProjectDependencies) = postProject
		{F66F84C1-63CA-3E51-A2F5-E8EA924B51A9} = {F66F84C1-63CA-3E51-A2F5-E8EA924B51A9}
	EndProjectSection
EndProject
Project("{8BC9CEB8-8B4A-11D0-8D11-00A0C91BC942}") = "opus", "external\opus\opus.vcxproj", "{4E893D04-2A06-3CA3-8967-3DB52F8AA2B2}"
	ProjectSection(ProjectDependencies) = postProject
		{F66F84C1-63CA-3E51-A2F5-E8EA924B51A9} = {F66F84C1-63CA-3E51-A2F5-E8EA924B51A9}
	EndProjectSection
EndProject
Project("{8BC9CEB8-8B4A-11D0-8D11-00A0C91BC942}") = "opusfile", "external\opusfile\opusfile.vcxproj", "{2EDA8A12-468B-380D-8C51-A26DCE4C1FF0}"
	ProjectSection(ProjectDependencies) = postProject
		{F66F84C1-63CA-3E51-A2F5-E8EA924B51A9} = {F66F84C1-63CA-3E51-A2F5-E8EA924B51A9}
		{C53D09AE-7AB4-3D8A-83B6-AD7077C47FD1} = {C53D09AE-7AB4-3D8A-83B6-AD7077C47FD1}
		{4E893D04-2A06-3CA3-8967-3DB52F8AA2B2} = {4E893D04-2A06-3CA3-8967-3DB52F8AA2B2}
	EndProjectSection
EndProject
Project("{8BC9CEB8-8B4A-11D0-8D11-00A0C91BC942}") = "playmus", "playmus.vcxproj", "{F57C537C-6C92-3488-B5F7-4E572B8BDE53}"
	ProjectSection(ProjectDependencies) = postProject
		{0455EDCF-A507-3077-895D-F2B2FE3B3DBF} = {0455EDCF-A507-3077-895D-F2B2FE3B3DBF}
		{F66F84C1-63CA-3E51-A2F5-E8EA924B51A9} = {F66F84C1-63CA-3E51-A2F5-E8EA924B51A9}
	EndProjectSection
EndProject
Project("{8BC9CEB8-8B4A-11D0-8D11-00A0C91BC942}") = "playwave", "playwave.vcxproj", "{56DE0AEC-CA8E-387E-83F2-492CBCF0205A}"
	ProjectSection(ProjectDependencies) = postProject
		{0455EDCF-A507-3077-895D-F2B2FE3B3DBF} = {0455EDCF-A507-3077-895D-F2B2FE3B3DBF}
		{F66F84C1-63CA-3E51-A2F5-E8EA924B51A9} = {F66F84C1-63CA-3E51-A2F5-E8EA924B51A9}
	EndProjectSection
EndProject
Project("{8BC9CEB8-8B4A-11D0-8D11-00A0C91BC942}") = "wavpack", "external\wavpack\wavpack.vcxproj", "{C8CAE11F-2E92-30FF-BDBA-7456A2DF8433}"
	ProjectSection(ProjectDependencies) = postProject
		{F66F84C1-63CA-3E51-A2F5-E8EA924B51A9} = {F66F84C1-63CA-3E51-A2F5-E8EA924B51A9}
	EndProjectSection
EndProject
Project("{8BC9CEB8-8B4A-11D0-8D11-00A0C91BC942}") = "xmp_shared", "external\libxmp\xmp_shared.vcxproj", "{E24D0248-5816-343D-8A0C-24BDCBD3A8C2}"
	ProjectSection(ProjectDependencies) = postProject
		{F66F84C1-63CA-3E51-A2F5-E8EA924B51A9} = {F66F84C1-63CA-3E51-A2F5-E8EA924B51A9}
	EndProjectSection
EndProject
Global
	GlobalSection(SolutionConfigurationPlatforms) = preSolution
		RelWithDebInfo|x64 = RelWithDebInfo|x64
		Debug|x64 = Debug|x64
		Release|x64 = Release|x64
		MinSizeRel|x64 = MinSizeRel|x64
	EndGlobalSection
	GlobalSection(ProjectConfigurationPlatforms) = postSolution
		{D02D848A-0E63-3222-80FF-D6411941EFCF}.RelWithDebInfo|x64.ActiveCfg = RelWithDebInfo|x64
		{D02D848A-0E63-3222-80FF-D6411941EFCF}.RelWithDebInfo|x64.Build.0 = RelWithDebInfo|x64
		{D02D848A-0E63-3222-80FF-D6411941EFCF}.Debug|x64.ActiveCfg = Debug|x64
		{D02D848A-0E63-3222-80FF-D6411941EFCF}.Debug|x64.Build.0 = Debug|x64
		{D02D848A-0E63-3222-80FF-D6411941EFCF}.Release|x64.ActiveCfg = Release|x64
		{D02D848A-0E63-3222-80FF-D6411941EFCF}.Release|x64.Build.0 = Release|x64
		{D02D848A-0E63-3222-80FF-D6411941EFCF}.MinSizeRel|x64.ActiveCfg = MinSizeRel|x64
		{D02D848A-0E63-3222-80FF-D6411941EFCF}.MinSizeRel|x64.Build.0 = MinSizeRel|x64
		{B74BF322-DEFE-31AC-95BB-554EBE6795DA}.RelWithDebInfo|x64.ActiveCfg = RelWithDebInfo|x64
		{B74BF322-DEFE-31AC-95BB-554EBE6795DA}.Debug|x64.ActiveCfg = Debug|x64
		{B74BF322-DEFE-31AC-95BB-554EBE6795DA}.Release|x64.ActiveCfg = Release|x64
		{B74BF322-DEFE-31AC-95BB-554EBE6795DA}.MinSizeRel|x64.ActiveCfg = MinSizeRel|x64
		{B16F5C7C-9059-3FCE-84B4-779434E379AD}.RelWithDebInfo|x64.ActiveCfg = RelWithDebInfo|x64
		{B16F5C7C-9059-3FCE-84B4-779434E379AD}.Debug|x64.ActiveCfg = Debug|x64
		{B16F5C7C-9059-3FCE-84B4-779434E379AD}.Release|x64.ActiveCfg = Release|x64
		{B16F5C7C-9059-3FCE-84B4-779434E379AD}.MinSizeRel|x64.ActiveCfg = MinSizeRel|x64
		{0455EDCF-A507-3077-895D-F2B2FE3B3DBF}.RelWithDebInfo|x64.ActiveCfg = RelWithDebInfo|x64
		{0455EDCF-A507-3077-895D-F2B2FE3B3DBF}.RelWithDebInfo|x64.Build.0 = RelWithDebInfo|x64
		{0455EDCF-A507-3077-895D-F2B2FE3B3DBF}.Debug|x64.ActiveCfg = Debug|x64
		{0455EDCF-A507-3077-895D-F2B2FE3B3DBF}.Debug|x64.Build.0 = Debug|x64
		{0455EDCF-A507-3077-895D-F2B2FE3B3DBF}.Release|x64.ActiveCfg = Release|x64
		{0455EDCF-A507-3077-895D-F2B2FE3B3DBF}.Release|x64.Build.0 = Release|x64
		{0455EDCF-A507-3077-895D-F2B2FE3B3DBF}.MinSizeRel|x64.ActiveCfg = MinSizeRel|x64
		{0455EDCF-A507-3077-895D-F2B2FE3B3DBF}.MinSizeRel|x64.Build.0 = MinSizeRel|x64
		{F66F84C1-63CA-3E51-A2F5-E8EA924B51A9}.RelWithDebInfo|x64.ActiveCfg = RelWithDebInfo|x64
		{F66F84C1-63CA-3E51-A2F5-E8EA924B51A9}.RelWithDebInfo|x64.Build.0 = RelWithDebInfo|x64
		{F66F84C1-63CA-3E51-A2F5-E8EA924B51A9}.Debug|x64.ActiveCfg = Debug|x64
		{F66F84C1-63CA-3E51-A2F5-E8EA924B51A9}.Debug|x64.Build.0 = Debug|x64
		{F66F84C1-63CA-3E51-A2F5-E8EA924B51A9}.Release|x64.ActiveCfg = Release|x64
		{F66F84C1-63CA-3E51-A2F5-E8EA924B51A9}.Release|x64.Build.0 = Release|x64
		{F66F84C1-63CA-3E51-A2F5-E8EA924B51A9}.MinSizeRel|x64.ActiveCfg = MinSizeRel|x64
		{F66F84C1-63CA-3E51-A2F5-E8EA924B51A9}.MinSizeRel|x64.Build.0 = MinSizeRel|x64
		{65920086-C461-3557-BAB4-76E50B90132C}.RelWithDebInfo|x64.ActiveCfg = RelWithDebInfo|x64
		{65920086-C461-3557-BAB4-76E50B90132C}.RelWithDebInfo|x64.Build.0 = RelWithDebInfo|x64
		{65920086-C461-3557-BAB4-76E50B90132C}.Debug|x64.ActiveCfg = Debug|x64
		{65920086-C461-3557-BAB4-76E50B90132C}.Debug|x64.Build.0 = Debug|x64
		{65920086-C461-3557-BAB4-76E50B90132C}.Release|x64.ActiveCfg = Release|x64
		{65920086-C461-3557-BAB4-76E50B90132C}.Release|x64.Build.0 = Release|x64
		{65920086-C461-3557-BAB4-76E50B90132C}.MinSizeRel|x64.ActiveCfg = MinSizeRel|x64
		{65920086-C461-3557-BAB4-76E50B90132C}.MinSizeRel|x64.Build.0 = MinSizeRel|x64
		{C53D09AE-7AB4-3D8A-83B6-AD7077C47FD1}.RelWithDebInfo|x64.ActiveCfg = RelWithDebInfo|x64
		{C53D09AE-7AB4-3D8A-83B6-AD7077C47FD1}.RelWithDebInfo|x64.Build.0 = RelWithDebInfo|x64
		{C53D09AE-7AB4-3D8A-83B6-AD7077C47FD1}.Debug|x64.ActiveCfg = Debug|x64
		{C53D09AE-7AB4-3D8A-83B6-AD7077C47FD1}.Debug|x64.Build.0 = Debug|x64
		{C53D09AE-7AB4-3D8A-83B6-AD7077C47FD1}.Release|x64.ActiveCfg = Release|x64
		{C53D09AE-7AB4-3D8A-83B6-AD7077C47FD1}.Release|x64.Build.0 = Release|x64
		{C53D09AE-7AB4-3D8A-83B6-AD7077C47FD1}.MinSizeRel|x64.ActiveCfg = MinSizeRel|x64
		{C53D09AE-7AB4-3D8A-83B6-AD7077C47FD1}.MinSizeRel|x64.Build.0 = MinSizeRel|x64
		{4E893D04-2A06-3CA3-8967-3DB52F8AA2B2}.RelWithDebInfo|x64.ActiveCfg = RelWithDebInfo|x64
		{4E893D04-2A06-3CA3-8967-3DB52F8AA2B2}.RelWithDebInfo|x64.Build.0 = RelWithDebInfo|x64
		{4E893D04-2A06-3CA3-8967-3DB52F8AA2B2}.Debug|x64.ActiveCfg = Debug|x64
		{4E893D04-2A06-3CA3-8967-3DB52F8AA2B2}.Debug|x64.Build.0 = Debug|x64
		{4E893D04-2A06-3CA3-8967-3DB52F8AA2B2}.Release|x64.ActiveCfg = Release|x64
		{4E893D04-2A06-3CA3-8967-3DB52F8AA2B2}.Release|x64.Build.0 = Release|x64
		{4E893D04-2A06-3CA3-8967-3DB52F8AA2B2}.MinSizeRel|x64.ActiveCfg = MinSizeRel|x64
		{4E893D04-2A06-3CA3-8967-3DB52F8AA2B2}.MinSizeRel|x64.Build.0 = MinSizeRel|x64
		{2EDA8A12-468B-380D-8C51-A26DCE4C1FF0}.RelWithDebInfo|x64.ActiveCfg = RelWithDebInfo|x64
		{2EDA8A12-468B-380D-8C51-A26DCE4C1FF0}.RelWithDebInfo|x64.Build.0 = RelWithDebInfo|x64
		{2EDA8A12-468B-380D-8C51-A26DCE4C1FF0}.Debug|x64.ActiveCfg = Debug|x64
		{2EDA8A12-468B-380D-8C51-A26DCE4C1FF0}.Debug|x64.Build.0 = Debug|x64
		{2EDA8A12-468B-380D-8C51-A26DCE4C1FF0}.Release|x64.ActiveCfg = Release|x64
		{2EDA8A12-468B-380D-8C51-A26DCE4C1FF0}.Release|x64.Build.0 = Release|x64
		{2EDA8A12-468B-380D-8C51-A26DCE4C1FF0}.MinSizeRel|x64.ActiveCfg = MinSizeRel|x64
		{2EDA8A12-468B-380D-8C51-A26DCE4C1FF0}.MinSizeRel|x64.Build.0 = MinSizeRel|x64
		{F57C537C-6C92-3488-B5F7-4E572B8BDE53}.RelWithDebInfo|x64.ActiveCfg = RelWithDebInfo|x64
		{F57C537C-6C92-3488-B5F7-4E572B8BDE53}.RelWithDebInfo|x64.Build.0 = RelWithDebInfo|x64
		{F57C537C-6C92-3488-B5F7-4E572B8BDE53}.Debug|x64.ActiveCfg = Debug|x64
		{F57C537C-6C92-3488-B5F7-4E572B8BDE53}.Debug|x64.Build.0 = Debug|x64
		{F57C537C-6C92-3488-B5F7-4E572B8BDE53}.Release|x64.ActiveCfg = Release|x64
		{F57C537C-6C92-3488-B5F7-4E572B8BDE53}.Release|x64.Build.0 = Release|x64
		{F57C537C-6C92-3488-B5F7-4E572B8BDE53}.MinSizeRel|x64.ActiveCfg = MinSizeRel|x64
		{F57C537C-6C92-3488-B5F7-4E572B8BDE53}.MinSizeRel|x64.Build.0 = MinSizeRel|x64
		{56DE0AEC-CA8E-387E-83F2-492CBCF0205A}.RelWithDebInfo|x64.ActiveCfg = RelWithDebInfo|x64
		{56DE0AEC-CA8E-387E-83F2-492CBCF0205A}.RelWithDebInfo|x64.Build.0 = RelWithDebInfo|x64
		{56DE0AEC-CA8E-387E-83F2-492CBCF0205A}.Debug|x64.ActiveCfg = Debug|x64
		{56DE0AEC-CA8E-387E-83F2-492CBCF0205A}.Debug|x64.Build.0 = Debug|x64
		{56DE0AEC-CA8E-387E-83F2-492CBCF0205A}.Release|x64.ActiveCfg = Release|x64
		{56DE0AEC-CA8E-387E-83F2-492CBCF0205A}.Release|x64.Build.0 = Release|x64
		{56DE0AEC-CA8E-387E-83F2-492CBCF0205A}.MinSizeRel|x64.ActiveCfg = MinSizeRel|x64
		{56DE0AEC-CA8E-387E-83F2-492CBCF0205A}.MinSizeRel|x64.Build.0 = MinSizeRel|x64
		{C8CAE11F-2E92-30FF-BDBA-7456A2DF8433}.RelWithDebInfo|x64.ActiveCfg = RelWithDebInfo|x64
		{C8CAE11F-2E92-30FF-BDBA-7456A2DF8433}.RelWithDebInfo|x64.Build.0 = RelWithDebInfo|x64
		{C8CAE11F-2E92-30FF-BDBA-7456A2DF8433}.Debug|x64.ActiveCfg = Debug|x64
		{C8CAE11F-2E92-30FF-BDBA-7456A2DF8433}.Debug|x64.Build.0 = Debug|x64
		{C8CAE11F-2E92-30FF-BDBA-7456A2DF8433}.Release|x64.ActiveCfg = Release|x64
		{C8CAE11F-2E92-30FF-BDBA-7456A2DF8433}.Release|x64.Build.0 = Release|x64
		{C8CAE11F-2E92-30FF-BDBA-7456A2DF8433}.MinSizeRel|x64.ActiveCfg = MinSizeRel|x64
		{C8CAE11F-2E92-30FF-BDBA-7456A2DF8433}.MinSizeRel|x64.Build.0 = MinSizeRel|x64
		{E24D0248-5816-343D-8A0C-24BDCBD3A8C2}.RelWithDebInfo|x64.ActiveCfg = RelWithDebInfo|x64
		{E24D0248-5816-343D-8A0C-24BDCBD3A8C2}.RelWithDebInfo|x64.Build.0 = RelWithDebInfo|x64
		{E24D0248-5816-343D-8A0C-24BDCBD3A8C2}.Debug|x64.ActiveCfg = Debug|x64
		{E24D0248-5816-343D-8A0C-24BDCBD3A8C2}.Debug|x64.Build.0 = Debug|x64
		{E24D0248-5816-343D-8A0C-24BDCBD3A8C2}.Release|x64.ActiveCfg = Release|x64
		{E24D0248-5816-343D-8A0C-24BDCBD3A8C2}.Release|x64.Build.0 = Release|x64
		{E24D0248-5816-343D-8A0C-24BDCBD3A8C2}.MinSizeRel|x64.ActiveCfg = MinSizeRel|x64
		{E24D0248-5816-343D-8A0C-24BDCBD3A8C2}.MinSizeRel|x64.Build.0 = MinSizeRel|x64
	EndGlobalSection
	GlobalSection(NestedProjects) = preSolution
		{D02D848A-0E63-3222-80FF-D6411941EFCF} = {E9317FFE-5EB9-3235-978A-5FD8C02EF091}
		{B74BF322-DEFE-31AC-95BB-554EBE6795DA} = {E9317FFE-5EB9-3235-978A-5FD8C02EF091}
		{B16F5C7C-9059-3FCE-84B4-779434E379AD} = {E9317FFE-5EB9-3235-978A-5FD8C02EF091}
		{F66F84C1-63CA-3E51-A2F5-E8EA924B51A9} = {E9317FFE-5EB9-3235-978A-5FD8C02EF091}
	EndGlobalSection
	GlobalSection(ExtensibilityGlobals) = postSolution
		SolutionGuid = {66D84ADB-04A3-3CD5-9DC7-386F554B2FD9}
	EndGlobalSection
	GlobalSection(ExtensibilityAddIns) = postSolution
	EndGlobalSection
EndGlobal
